
Microsoft Visual Studio Solution File, Format Version 12.00
# Visual Studio Version 17
VisualStudioVersion = 17.7.34031.279
MinimumVisualStudioVersion = 10.0.40219.1
Project("{FAE04EC0-301F-11D3-BF4B-00C04F79EFBC}") = "JWT(IdentityCore)", "JWT(IdentityCore)\JWT(IdentityCore).csproj", "{956ECE1B-795C-48E4-8E1E-5435A25AE8BC}"
EndProject
Global
	GlobalSection(SolutionConfigurationPlatforms) = preSolution
		Debug|Any CPU = Debug|Any CPU
		Release|Any CPU = Release|Any CPU
	EndGlobalSection
	GlobalSection(ProjectConfigurationPlatforms) = postSolution
		{956ECE1B-795C-48E4-8E1E-5435A25AE8BC}.Debug|Any CPU.ActiveCfg = Debug|Any CPU
		{956ECE1B-795C-48E4-8E1E-5435A25AE8BC}.Debug|Any CPU.Build.0 = Debug|Any CPU
		{956ECE1B-795C-48E4-8E1E-5435A25AE8BC}.Release|Any CPU.ActiveCfg = Release|Any CPU
		{956ECE1B-795C-48E4-8E1E-5435A25AE8BC}.Release|Any CPU.Build.0 = Release|Any CPU
	EndGlobalSection
	GlobalSection(SolutionProperties) = preSolution
		HideSolutionNode = FALSE
	EndGlobalSection
	GlobalSection(ExtensibilityGlobals) = postSolution
		SolutionGuid = {BAC74D90-6CB3-4988-8510-A90C2E882B33}
	EndGlobalSection
EndGlobal
